Microsoft Visual Studio Solution File, Format Version 12.00
# Visual Studio Version 17
VisualStudioVersion = 17.5.2.0
MinimumVisualStudioVersion = 10.0.40219.1
Project("{FAE04EC0-301F-11D3-BF4B-00C04F79EFBC}") = "cs_practice", "cs_practice\cs_practice.csproj", "{71773615-F954-E5D2-3DC1-BBE2F2A454E9}"
EndProject
Global
	GlobalSection(SolutionConfigurationPlatforms) = preSolution
		Debug|Any CPU = Debug|Any CPU
		Release|Any CPU = Release|Any CPU
	EndGlobalSection
	GlobalSection(ProjectConfigurationPlatforms) = postSolution
		{71773615-F954-E5D2-3DC1-BBE2F2A454E9}.Debug|Any CPU.ActiveCfg = Debug|Any CPU
		{71773615-F954-E5D2-3DC1-BBE2F2A454E9}.Debug|Any CPU.Build.0 = Debug|Any CPU
		{71773615-F954-E5D2-3DC1-BBE2F2A454E9}.Release|Any CPU.ActiveCfg = Release|Any CPU
		{71773615-F954-E5D2-3DC1-BBE2F2A454E9}.Release|Any CPU.Build.0 = Release|Any CPU
	EndGlobalSection
	GlobalSection(SolutionProperties) = preSolution
		HideSolutionNode = FALSE
	EndGlobalSection
	GlobalSection(ExtensibilityGlobals) = postSolution
		SolutionGuid = {0456C577-74B6-4074-94C6-6C0F0BF668C5}
	EndGlobalSection
EndGlobal
